// !$*UTF8*$!
{
	archiveVersion = 1;
	classes = {
	};
	objectVersion = 46;
	objects = {

/* Begin PBXBuildFile section */
		FE96376C1C1D0F8100A98564 /* main.m in Sources */ = {isa = PBXBuildFile; fileRef = FE96376B1C1D0F8100A98564 /* main.m */; };
		FE96376F1C1D0F8100A98564 /* AppDelegate.m in Sources */ = {isa = PBXBuildFile; fileRef = FE96376E1C1D0F8100A98564 /* AppDelegate.m */; };
		FE9637781C1D0F8100A98564 /* Main.storyboard in Resources */ = {isa = PBXBuildFile; fileRef = FE9637761C1D0F8100A98564 /* Main.storyboard */; };
		FE96377A1C1D0F8100A98564 /* Images.xcassets in Resources */ = {isa = PBXBuildFile; fileRef = FE9637791C1D0F8100A98564 /* Images.xcassets */; };
		FE96377D1C1D0F8100A98564 /* LaunchScreen.xib in Resources */ = {isa = PBXBuildFile; fileRef = FE96377B1C1D0F8100A98564 /* LaunchScreen.xib */; };
		FE9637891C1D0F8200A98564 /* NoteTests.m in Sources */ = {isa = PBXBuildFile; fileRef = FE9637881C1D0F8200A98564 /* NoteTests.m */; };
		FE9637961C1D102400A98564 /* NSUserDefaultsHelper.m in Sources */ = {isa = PBXBuildFile; fileRef = FE9637931C1D102400A98564 /* NSUserDefaultsHelper.m */; };
		FE9637971C1D102400A98564 /* EditViewController.m in Sources */ = {isa = PBXBuildFile; fileRef = FE9637951C1D102400A98564 /* EditViewController.m */; };
		FE9637A61C1D103400A98564 /* MainViewController.m in Sources */ = {isa = PBXBuildFile; fileRef = FE9637991C1D103400A98564 /* MainViewController.m */; };
		FE9637A81C1D103400A98564 /* Note.xcdatamodeld in Sources */ = {isa = PBXBuildFile; fileRef = FE96379C1C1D103400A98564 /* Note.xcdatamodeld */; };
		FE9637A91C1D103400A98564 /* NoteDao.m in Sources */ = {isa = PBXBuildFile; fileRef = FE96379F1C1D103400A98564 /* NoteDao.m */; };
		FE9637AA1C1D103400A98564 /* NoteService.m in Sources */ = {isa = PBXBuildFile; fileRef = FE9637A11C1D103400A98564 /* NoteService.m */; };
		FE9637AB1C1D103400A98564 /* SettingViewController.m in Sources */ = {isa = PBXBuildFile; fileRef = FE9637A31C1D103400A98564 /* SettingViewController.m */; };
		FEB5FCD81C1D1E57006011AC /* User.m in Sources */ = {isa = PBXBuildFile; fileRef = FEB5FCD71C1D1E57006011AC /* User.m */; };
		FEB5FCDB1C1D1E57006011AC /* Note.m in Sources */ = {isa = PBXBuildFile; fileRef = FEB5FCDA1C1D1E57006011AC /* Note.m */; };
		FEB5FCDE1C1DAB63006011AC /* LoginViewController.m in Sources */ = {isa = PBXBuildFile; fileRef = FEB5FCDD1C1DAB63006011AC /* LoginViewController.m */; };
		FEB5FCE11C1E65B6006011AC /* RegisterViewController.m in Sources */ = {isa = PBXBuildFile; fileRef = FEB5FCE01C1E65B6006011AC /* RegisterViewController.m */; };
		FEB5FCE41C1E699B006011AC /* UserDao.m in Sources */ = {isa = PBXBuildFile; fileRef = FEB5FCE31C1E699B006011AC /* UserDao.m */; };
		FEB5FCE71C1E6A21006011AC /* UserService.m in Sources */ = {isa = PBXBuildFile; fileRef = FEB5FCE61C1E6A21006011AC /* UserService.m */; };
		FEB5FCEA1C1E7005006011AC /* RegisterInfo.m in Sources */ = {isa = PBXBuildFile; fileRef = FEB5FCE91C1E7005006011AC /* RegisterInfo.m */; };
		FEB5FCEE1C1EB5D2006011AC /* Login.storyboard in Resources */ = {isa = PBXBuildFile; fileRef = FEB5FCED1C1EB5D2006011AC /* Login.storyboard */; };
		FEB5FCF11C1EDF55006011AC /* FaceView.m in Sources */ = {isa = PBXBuildFile; fileRef = FEB5FCF01C1EDF55006011AC /* FaceView.m */; };
		FEB5FCF51C1EEAA2006011AC /* defaultFace.png in Resources */ = {isa = PBXBuildFile; fileRef = FEB5FCF41C1EEAA2006011AC /* defaultFace.png */; };
		FEB5FCF71C1EEB85006011AC /* 3.jpg in Resources */ = {isa = PBXBuildFile; fileRef = FEB5FCF61C1EEB85006011AC /* 3.jpg */; };
		FEB5FCF91C1F9C9D006011AC /* camera.png in Resources */ = {isa = PBXBuildFile; fileRef = FEB5FCF81C1F9C9D006011AC /* camera.png */; };
		FEB5FCFC1C1FA249006011AC /* NoteUtil.m in Sources */ = {isa = PBXBuildFile; fileRef = FEB5FCFB1C1FA249006011AC /* NoteUtil.m */; };
		FEB5FCFE1C1FC08D006011AC /* Settings.plist in Resources */ = {isa = PBXBuildFile; fileRef = FEB5FCFD1C1FC08D006011AC /* Settings.plist */; };
		FEB5FD081C1FFFE6006011AC /* TextFieldTableViewCell.m in Sources */ = {isa = PBXBuildFile; fileRef = FEB5FD071C1FFFE6006011AC /* TextFieldTableViewCell.m */; };
		FEB5FD0B1C2005F1006011AC /* LoginPasswordTableViewController.m in Sources */ = {isa = PBXBuildFile; fileRef = FEB5FD0A1C2005F1006011AC /* LoginPasswordTableViewController.m */; };
		FEB5FD0E1C202EC5006011AC /* ReadingPasswordViewController.m in Sources */ = {isa = PBXBuildFile; fileRef = FEB5FD0D1C202EC5006011AC /* ReadingPasswordViewController.m */; };
		FEB5FD111C212AFD006011AC /* Lock.storyboard in Resources */ = {isa = PBXBuildFile; fileRef = FEB5FD101C212AFD006011AC /* Lock.storyboard */; };
		FEF08A541C214F17000F9DCC /* LocalAuthentication.framework in Frameworks */ = {isa = PBXBuildFile; fileRef = FEF08A531C214F17000F9DCC /* LocalAuthentication.framework */; };
/* End PBXBuildFile section */

/* Begin PBXContainerItemProxy section */
		FE9637831C1D0F8200A98564 /* PBXContainerItemProxy */ = {
			isa = PBXContainerItemProxy;
			containerPortal = FE96375E1C1D0F8100A98564 /* Project object */;
			proxyType = 1;
			remoteGlobalIDString = FE9637651C1D0F8100A98564;
			remoteInfo = Note;
		};
/* End PBXContainerItemProxy section */

/* Begin PBXFileReference section */
		FE9637661C1D0F8100A98564 /* Note.app */ = {isa = PBXFileReference; explicitFileType = wrapper.application; includeInIndex = 0; path = Note.app; sourceTree = BUILT_PRODUCTS_DIR; };
		FE96376A1C1D0F8100A98564 /* Info.plist */ = {isa = PBXFileReference; lastKnownFileType = text.plist.xml; path = Info.plist; sourceTree = "<group>"; };
		FE96376B1C1D0F8100A98564 /* main.m */ = {isa = PBXFileReference; lastKnownFileType = sourcecode.c.objc; path = main.m; sourceTree = "<group>"; };
		FE96376D1C1D0F8100A98564 /* AppDelegate.h */ = {isa = PBXFileReference; lastKnownFileType = sourcecode.c.h; path = AppDelegate.h; sourceTree = "<group>"; };
		FE96376E1C1D0F8100A98564 /* AppDelegate.m */ = {isa = PBXFileReference; lastKnownFileType = sourcecode.c.objc; path = AppDelegate.m; sourceTree = "<group>"; };
		FE9637771C1D0F8100A98564 /* Base */ = {isa = PBXFileReference; lastKnownFileType = file.storyboard; name = Base; path = Base.lproj/Main.storyboard; sourceTree = "<group>"; };
		FE9637791C1D0F8100A98564 /* Images.xcassets */ = {isa = PBXFileReference; lastKnownFileType = folder.assetcatalog; path = Images.xcassets; sourceTree = "<group>"; };
		FE96377C1C1D0F8100A98564 /* Base */ = {isa = PBXFileReference; lastKnownFileType = file.xib; name = Base; path = Base.lproj/LaunchScreen.xib; sourceTree = "<group>"; };
		FE9637821C1D0F8200A98564 /* NoteTests.xctest */ = {isa = PBXFileReference; explicitFileType = wrapper.cfbundle; includeInIndex = 0; path = NoteTests.xctest; sourceTree = BUILT_PRODUCTS_DIR; };
		FE9637871C1D0F8200A98564 /* Info.plist */ = {isa = PBXFileReference; lastKnownFileType = text.plist.xml; path = Info.plist; sourceTree = "<group>"; };
		FE9637881C1D0F8200A98564 /* NoteTests.m */ = {isa = PBXFileReference; lastKnownFileType = sourcecode.c.objc; path = NoteTests.m; sourceTree = "<group>"; };
		FE9637921C1D102400A98564 /* NSUserDefaultsHelper.h */ = {isa = PBXFileReference; fileEncoding = 4; lastKnownFileType = sourcecode.c.h; path = NSUserDefaultsHelper.h; sourceTree = "<group>"; };
		FE9637931C1D102400A98564 /* NSUserDefaultsHelper.m */ = {isa = PBXFileReference; fileEncoding = 4; lastKnownFileType = sourcecode.c.objc; path = NSUserDefaultsHelper.m; sourceTree = "<group>"; };
		FE9637941C1D102400A98564 /* EditViewController.h */ = {isa = PBXFileReference; fileEncoding = 4; lastKnownFileType = sourcecode.c.h; path = EditViewController.h; sourceTree = "<group>"; };
		FE9637951C1D102400A98564 /* EditViewController.m */ = {isa = PBXFileReference; fileEncoding = 4; lastKnownFileType = sourcecode.c.objc; path = EditViewController.m; sourceTree = "<group>"; };
		FE9637981C1D103400A98564 /* MainViewController.h */ = {isa = PBXFileReference; fileEncoding = 4; lastKnownFileType = sourcecode.c.h; path = MainViewController.h; sourceTree = "<group>"; };
		FE9637991C1D103400A98564 /* MainViewController.m */ = {isa = PBXFileReference; fileEncoding = 4; lastKnownFileType = sourcecode.c.objc; path = MainViewController.m; sourceTree = "<group>"; };
		FE96379D1C1D103400A98564 /* Note.xcdatamodel */ = {isa = PBXFileReference; lastKnownFileType = wrapper.xcdatamodel; path = Note.xcdatamodel; sourceTree = "<group>"; };
		FE96379E1C1D103400A98564 /* NoteDao.h */ = {isa = PBXFileReference; fileEncoding = 4; lastKnownFileType = sourcecode.c.h; path = NoteDao.h; sourceTree = "<group>"; };
		FE96379F1C1D103400A98564 /* NoteDao.m */ = {isa = PBXFileReference; fileEncoding = 4; lastKnownFileType = sourcecode.c.objc; path = NoteDao.m; sourceTree = "<group>"; };
		FE9637A01C1D103400A98564 /* NoteService.h */ = {isa = PBXFileReference; fileEncoding = 4; lastKnownFileType = sourcecode.c.h; path = NoteService.h; sourceTree = "<group>"; };
		FE9637A11C1D103400A98564 /* NoteService.m */ = {isa = PBXFileReference; fileEncoding = 4; lastKnownFileType = sourcecode.c.objc; path = NoteService.m; sourceTree = "<group>"; };
		FE9637A21C1D103400A98564 /* SettingViewController.h */ = {isa = PBXFileReference; fileEncoding = 4; lastKnownFileType = sourcecode.c.h; path = SettingViewController.h; sourceTree = "<group>"; };
		FE9637A31C1D103400A98564 /* SettingViewController.m */ = {isa = PBXFileReference; fileEncoding = 4; lastKnownFileType = sourcecode.c.objc; path = SettingViewController.m; sourceTree = "<group>"; };
		FEB5FCD61C1D1E57006011AC /* User.h */ = {isa = PBXFileReference; fileEncoding = 4; lastKnownFileType = sourcecode.c.h; name = User.h; path = ../User.h; sourceTree = "<group>"; };
		FEB5FCD71C1D1E57006011AC /* User.m */ = {isa = PBXFileReference; fileEncoding = 4; lastKnownFileType = sourcecode.c.objc; name = User.m; path = ../User.m; sourceTree = "<group>"; };
		FEB5FCD91C1D1E57006011AC /* Note.h */ = {isa = PBXFileReference; fileEncoding = 4; lastKnownFileType = sourcecode.c.h; path = Note.h; sourceTree = SOURCE_ROOT; };
		FEB5FCDA1C1D1E57006011AC /* Note.m */ = {isa = PBXFileReference; fileEncoding = 4; lastKnownFileType = sourcecode.c.objc; path = Note.m; sourceTree = SOURCE_ROOT; };
		FEB5FCDC1C1DAB63006011AC /* LoginViewController.h */ = {isa = PBXFileReference; fileEncoding = 4; lastKnownFileType = sourcecode.c.h; path = LoginViewController.h; sourceTree = "<group>"; };
		FEB5FCDD1C1DAB63006011AC /* LoginViewController.m */ = {isa = PBXFileReference; fileEncoding = 4; lastKnownFileType = sourcecode.c.objc; path = LoginViewController.m; sourceTree = "<group>"; };
		FEB5FCDF1C1E65B6006011AC /* RegisterViewController.h */ = {isa = PBXFileReference; fileEncoding = 4; lastKnownFileType = sourcecode.c.h; path = RegisterViewController.h; sourceTree = "<group>"; };
		FEB5FCE01C1E65B6006011AC /* RegisterViewController.m */ = {isa = PBXFileReference; fileEncoding = 4; lastKnownFileType = sourcecode.c.objc; path = RegisterViewController.m; sourceTree = "<group>"; };
		FEB5FCE21C1E699B006011AC /* UserDao.h */ = {isa = PBXFileReference; fileEncoding = 4; lastKnownFileType = sourcecode.c.h; path = UserDao.h; sourceTree = "<group>"; };
		FEB5FCE31C1E699B006011AC /* UserDao.m */ = {isa = PBXFileReference; fileEncoding = 4; lastKnownFileType = sourcecode.c.objc; path = UserDao.m; sourceTree = "<group>"; };
		FEB5FCE51C1E6A21006011AC /* UserService.h */ = {isa = PBXFileReference; fileEncoding = 4; lastKnownFileType = sourcecode.c.h; path = UserService.h; sourceTree = "<group>"; };
		FEB5FCE61C1E6A21006011AC /* UserService.m */ = {isa = PBXFileReference; fileEncoding = 4; lastKnownFileType = sourcecode.c.objc; path = UserService.m; sourceTree = "<group>"; };
		FEB5FCE81C1E7005006011AC /* RegisterInfo.h */ = {isa = PBXFileReference; fileEncoding = 4; lastKnownFileType = sourcecode.c.h; path = RegisterInfo.h; sourceTree = "<group>"; };
		FEB5FCE91C1E7005006011AC /* RegisterInfo.m */ = {isa = PBXFileReference; fileEncoding = 4; lastKnownFileType = sourcecode.c.objc; path = RegisterInfo.m; sourceTree = "<group>"; };
		FEB5FCED1C1EB5D2006011AC /* Login.storyboard */ = {isa = PBXFileReference; fileEncoding = 4; lastKnownFileType = file.storyboard; name = Login.storyboard; path = ../Login.storyboard; sourceTree = "<group>"; };
		FEB5FCEF1C1EDF55006011AC /* FaceView.h */ = {isa = PBXFileReference; fileEncoding = 4; lastKnownFileType = sourcecode.c.h; path = FaceView.h; sourceTree = "<group>"; };
		FEB5FCF01C1EDF55006011AC /* FaceView.m */ = {isa = PBXFileReference; fileEncoding = 4; lastKnownFileType = sourcecode.c.objc; path = FaceView.m; sourceTree = "<group>"; };
		FEB5FCF41C1EEAA2006011AC /* defaultFace.png */ = {isa = PBXFileReference; lastKnownFileType = image.png; name = defaultFace.png; path = "../../../../../Downloads/微信5.1.ipajjj/Payload/MicroMessenger.app/defaultFace.png"; sourceTree = "<group>"; };
		FEB5FCF61C1EEB85006011AC /* 3.jpg */ = {isa = PBXFileReference; lastKnownFileType = image.jpeg; name = 3.jpg; path = ../../../../../Downloads/3.jpg; sourceTree = "<group>"; };
		FEB5FCF81C1F9C9D006011AC /* camera.png */ = {isa = PBXFileReference; lastKnownFileType = image.png; name = camera.png; path = "../../../../../Downloads/微信5.1.ipajjj/Payload/MicroMessenger.app/camera.png"; sourceTree = "<group>"; };
		FEB5FCFA1C1FA249006011AC /* NoteUtil.h */ = {isa = PBXFileReference; fileEncoding = 4; lastKnownFileType = sourcecode.c.h; path = NoteUtil.h; sourceTree = "<group>"; };
		FEB5FCFB1C1FA249006011AC /* NoteUtil.m */ = {isa = PBXFileReference; fileEncoding = 4; lastKnownFileType = sourcecode.c.objc; path = NoteUtil.m; sourceTree = "<group>"; };
		FEB5FCFD1C1FC08D006011AC /* Settings.plist */ = {isa = PBXFileReference; fileEncoding = 4; lastKnownFileType = text.plist.xml; path = Settings.plist; sourceTree = "<group>"; };
		FEB5FD061C1FFFE6006011AC /* TextFieldTableViewCell.h */ = {isa = PBXFileReference; fileEncoding = 4; lastKnownFileType = sourcecode.c.h; path = TextFieldTableViewCell.h; sourceTree = "<group>"; };
		FEB5FD071C1FFFE6006011AC /* TextFieldTableViewCell.m */ = {isa = PBXFileReference; fileEncoding = 4; lastKnownFileType = sourcecode.c.objc; path = TextFieldTableViewCell.m; sourceTree = "<group>"; };
		FEB5FD091C2005F1006011AC /* LoginPasswordTableViewController.h */ = {isa = PBXFileReference; fileEncoding = 4; lastKnownFileType = sourcecode.c.h; path = LoginPasswordTableViewController.h; sourceTree = "<group>"; };
		FEB5FD0A1C2005F1006011AC /* LoginPasswordTableViewController.m */ = {isa = PBXFileReference; fileEncoding = 4; lastKnownFileType = sourcecode.c.objc; path = LoginPasswordTableViewController.m; sourceTree = "<group>"; };
		FEB5FD0C1C202EC5006011AC /* ReadingPasswordViewController.h */ = {isa = PBXFileReference; fileEncoding = 4; lastKnownFileType = sourcecode.c.h; path = ReadingPasswordViewController.h; sourceTree = "<group>"; };
		FEB5FD0D1C202EC5006011AC /* ReadingPasswordViewController.m */ = {isa = PBXFileReference; fileEncoding = 4; lastKnownFileType = sourcecode.c.objc; path = ReadingPasswordViewController.m; sourceTree = "<group>"; };
		FEB5FD101C212AFD006011AC /* Lock.storyboard */ = {isa = PBXFileReference; fileEncoding = 4; lastKnownFileType = file.storyboard; path = Lock.storyboard; sourceTree = "<group>"; };
		FEF08A531C214F17000F9DCC /* LocalAuthentication.framework */ = {isa = PBXFileReference; lastKnownFileType = wrapper.framework; name = LocalAuthentication.framework; path = System/Library/Frameworks/LocalAuthentication.framework; sourceTree = SDKROOT; };
/* End PBXFileReference section */

/* Begin PBXFrameworksBuildPhase section */
		FE9637631C1D0F8100A98564 /* Frameworks */ = {
			isa = PBXFrameworksBuildPhase;
			buildActionMask = 2147483647;
			files = (
				FEF08A541C214F17000F9DCC /* LocalAuthentication.framework in Frameworks */,
			);
			runOnlyForDeploymentPostprocessing = 0;
		};
		FE96377F1C1D0F8200A98564 /* Frameworks */ = {
			isa = PBXFrameworksBuildPhase;
			buildActionMask = 2147483647;
			files = (
			);
			runOnlyForDeploymentPostprocessing = 0;
		};
/* End PBXFrameworksBuildPhase section */

/* Begin PBXGroup section */
		FE96375D1C1D0F8100A98564 = {
			isa = PBXGroup;
			children = (
				FEF08A531C214F17000F9DCC /* LocalAuthentication.framework */,
				FE9637681C1D0F8100A98564 /* Note */,
				FE9637851C1D0F8200A98564 /* NoteTests */,
				FE9637671C1D0F8100A98564 /* Products */,
			);
			sourceTree = "<group>";
		};
		FE9637671C1D0F8100A98564 /* Products */ = {
			isa = PBXGroup;
			children = (
				FE9637661C1D0F8100A98564 /* Note.app */,
				FE9637821C1D0F8200A98564 /* NoteTests.xctest */,
			);
			name = Products;
			sourceTree = "<group>";
		};
		FE9637681C1D0F8100A98564 /* Note */ = {
			isa = PBXGroup;
			children = (
				FE96376D1C1D0F8100A98564 /* AppDelegate.h */,
				FE96376E1C1D0F8100A98564 /* AppDelegate.m */,
				FE9637761C1D0F8100A98564 /* Main.storyboard */,
				FEB5FCED1C1EB5D2006011AC /* Login.storyboard */,
				FEB5FD101C212AFD006011AC /* Lock.storyboard */,
				FE96379C1C1D103400A98564 /* Note.xcdatamodeld */,
				FEB5FD0F1C210112006011AC /* View */,
				FEB5FCFF1C1FDE55006011AC /* Util */,
				FE9637B01C1D10D600A98564 /* model */,
				FE9637AF1C1D10A600A98564 /* controller */,
				FE9637AE1C1D109B00A98564 /* service */,
				FE9637AD1C1D109000A98564 /* dao */,
				FE9637691C1D0F8100A98564 /* Supporting Files */,
			);
			path = Note;
			sourceTree = "<group>";
		};
		FE9637691C1D0F8100A98564 /* Supporting Files */ = {
			isa = PBXGroup;
			children = (
				FEB5FCFD1C1FC08D006011AC /* Settings.plist */,
				FE9637791C1D0F8100A98564 /* Images.xcassets */,
				FEB5FCF61C1EEB85006011AC /* 3.jpg */,
				FEB5FCF81C1F9C9D006011AC /* camera.png */,
				FEB5FCF41C1EEAA2006011AC /* defaultFace.png */,
				FE96377B1C1D0F8100A98564 /* LaunchScreen.xib */,
				FE96376A1C1D0F8100A98564 /* Info.plist */,
				FE96376B1C1D0F8100A98564 /* main.m */,
			);
			name = "Supporting Files";
			sourceTree = "<group>";
		};
		FE9637851C1D0F8200A98564 /* NoteTests */ = {
			isa = PBXGroup;
			children = (
				FE9637881C1D0F8200A98564 /* NoteTests.m */,
				FE9637861C1D0F8200A98564 /* Supporting Files */,
			);
			path = NoteTests;
			sourceTree = "<group>";
		};
		FE9637861C1D0F8200A98564 /* Supporting Files */ = {
			isa = PBXGroup;
			children = (
				FE9637871C1D0F8200A98564 /* Info.plist */,
			);
			name = "Supporting Files";
			sourceTree = "<group>";
		};
		FE9637AD1C1D109000A98564 /* dao */ = {
			isa = PBXGroup;
			children = (
				FEB5FCE21C1E699B006011AC /* UserDao.h */,
				FEB5FCE31C1E699B006011AC /* UserDao.m */,
				FE96379E1C1D103400A98564 /* NoteDao.h */,
				FE96379F1C1D103400A98564 /* NoteDao.m */,
			);
			name = dao;
			sourceTree = "<group>";
		};
		FE9637AE1C1D109B00A98564 /* service */ = {
			isa = PBXGroup;
			children = (
				FEB5FCE51C1E6A21006011AC /* UserService.h */,
				FEB5FCE61C1E6A21006011AC /* UserService.m */,
				FE9637A01C1D103400A98564 /* NoteService.h */,
				FE9637A11C1D103400A98564 /* NoteService.m */,
			);
			name = service;
			sourceTree = "<group>";
		};
		FE9637AF1C1D10A600A98564 /* controller */ = {
			isa = PBXGroup;
			children = (
				FE9637981C1D103400A98564 /* MainViewController.h */,
				FE9637991C1D103400A98564 /* MainViewController.m */,
				FE9637941C1D102400A98564 /* EditViewController.h */,
				FE9637951C1D102400A98564 /* EditViewController.m */,
				FE9637A21C1D103400A98564 /* SettingViewController.h */,
				FE9637A31C1D103400A98564 /* SettingViewController.m */,
				FEB5FCDC1C1DAB63006011AC /* LoginViewController.h */,
				FEB5FCDD1C1DAB63006011AC /* LoginViewController.m */,
				FEB5FCDF1C1E65B6006011AC /* RegisterViewController.h */,
				FEB5FCE01C1E65B6006011AC /* RegisterViewController.m */,
				FEB5FD091C2005F1006011AC /* LoginPasswordTableViewController.h */,
				FEB5FD0A1C2005F1006011AC /* LoginPasswordTableViewController.m */,
				FEB5FD0C1C202EC5006011AC /* ReadingPasswordViewController.h */,
				FEB5FD0D1C202EC5006011AC /* ReadingPasswordViewController.m */,
			);
			name = controller;
			sourceTree = "<group>";
		};
		FE9637B01C1D10D600A98564 /* model */ = {
			isa = PBXGroup;
			children = (
				FEB5FCD91C1D1E57006011AC /* Note.h */,
				FEB5FCDA1C1D1E57006011AC /* Note.m */,
				FEB5FCD61C1D1E57006011AC /* User.h */,
				FEB5FCD71C1D1E57006011AC /* User.m */,
				FEB5FCE81C1E7005006011AC /* RegisterInfo.h */,
				FEB5FCE91C1E7005006011AC /* RegisterInfo.m */,
			);
			name = model;
			sourceTree = "<group>";
		};
		FEB5FCFF1C1FDE55006011AC /* Util */ = {
			isa = PBXGroup;
			children = (
				FEB5FCFA1C1FA249006011AC /* NoteUtil.h */,
				FEB5FCFB1C1FA249006011AC /* NoteUtil.m */,
				FE9637921C1D102400A98564 /* NSUserDefaultsHelper.h */,
				FE9637931C1D102400A98564 /* NSUserDefaultsHelper.m */,
			);
			name = Util;
			sourceTree = "<group>";
		};
		FEB5FD0F1C210112006011AC /* View */ = {
			isa = PBXGroup;
			children = (
				FEB5FD061C1FFFE6006011AC /* TextFieldTableViewCell.h */,
				FEB5FD071C1FFFE6006011AC /* TextFieldTableViewCell.m */,
				FEB5FCEF1C1EDF55006011AC /* FaceView.h */,
				FEB5FCF01C1EDF55006011AC /* FaceView.m */,
			);
			name = View;
			sourceTree = "<group>";
		};
/* End PBXGroup section */

/* Begin PBXNativeTarget section */
		FE9637651C1D0F8100A98564 /* Note */ = {
			isa = PBXNativeTarget;
			buildConfigurationList = FE96378C1C1D0F8200A98564 /* Build configuration list for PBXNativeTarget "Note" */;
			buildPhases = (
				FE9637621C1D0F8100A98564 /* Sources */,
				FE9637631C1D0F8100A98564 /* Frameworks */,
				FE9637641C1D0F8100A98564 /* Resources */,
			);
			buildRules = (
			);
			dependencies = (
			);
			name = Note;
			productName = Note;
			productReference = FE9637661C1D0F8100A98564 /* Note.app */;
			productType = "com.apple.product-type.application";
		};
		FE9637811C1D0F8200A98564 /* NoteTests */ = {
			isa = PBXNativeTarget;
			buildConfigurationList = FE96378F1C1D0F8200A98564 /* Build configuration list for PBXNativeTarget "NoteTests" */;
			buildPhases = (
				FE96377E1C1D0F8200A98564 /* Sources */,
				FE96377F1C1D0F8200A98564 /* Frameworks */,
				FE9637801C1D0F8200A98564 /* Resources */,
			);
			buildRules = (
			);
			dependencies = (
				FE9637841C1D0F8200A98564 /* PBXTargetDependency */,
			);
			name = NoteTests;
			productName = NoteTests;
			productReference = FE9637821C1D0F8200A98564 /* NoteTests.xctest */;
			productType = "com.apple.product-type.bundle.unit-test";
		};
/* End PBXNativeTarget section */

/* Begin PBXProject section */
		FE96375E1C1D0F8100A98564 /* Project object */ = {
			isa = PBXProject;
			attributes = {
				LastUpgradeCheck = 0640;
				ORGANIZATIONNAME = Shallong;
				TargetAttributes = {
					FE9637651C1D0F8100A98564 = {
						CreatedOnToolsVersion = 6.4;
					};
					FE9637811C1D0F8200A98564 = {
						CreatedOnToolsVersion = 6.4;
						TestTargetID = FE9637651C1D0F8100A98564;
					};
				};
			};
			buildConfigurationList = FE9637611C1D0F8100A98564 /* Build configuration list for PBXProject "Note" */;
			compatibilityVersion = "Xcode 3.2";
			developmentRegion = English;
			hasScannedForEncodings = 0;
			knownRegions = (
				en,
				Base,
			);
			mainGroup = FE96375D1C1D0F8100A98564;
			productRefGroup = FE9637671C1D0F8100A98564 /* Products */;
			projectDirPath = "";
			projectRoot = "";
			targets = (
				FE9637651C1D0F8100A98564 /* Note */,
				FE9637811C1D0F8200A98564 /* NoteTests */,
			);
		};
/* End PBXProject section */

/* Begin PBXResourcesBuildPhase section */
		FE9637641C1D0F8100A98564 /* Resources */ = {
			isa = PBXResourcesBuildPhase;
			buildActionMask = 2147483647;
			files = (
				FEB5FCEE1C1EB5D2006011AC /* Login.storyboard in Resources */,
				FEB5FD111C212AFD006011AC /* Lock.storyboard in Resources */,
				FEB5FCFE1C1FC08D006011AC /* Settings.plist in Resources */,
				FEB5FCF51C1EEAA2006011AC /* defaultFace.png in Resources */,
				FE9637781C1D0F8100A98564 /* Main.storyboard in Resources */,
				FEB5FCF91C1F9C9D006011AC /* camera.png in Resources */,
				FEB5FCF71C1EEB85006011AC /* 3.jpg in Resources */,
				FE96377D1C1D0F8100A98564 /* LaunchScreen.xib in Resources */,
				FE96377A1C1D0F8100A98564 /* Images.xcassets in Resources */,
			);
			runOnlyForDeploymentPostprocessing = 0;
		};
		FE9637801C1D0F8200A98564 /* Resources */ = {
			isa = PBXResourcesBuildPhase;
			buildActionMask = 2147483647;
			files = (
			);
			runOnlyForDeploymentPostprocessing = 0;
		};
/* End PBXResourcesBuildPhase section */

/* Begin PBXSourcesBuildPhase section */
		FE9637621C1D0F8100A98564 /* Sources */ = {
			isa = PBXSourcesBuildPhase;
			buildActionMask = 2147483647;
			files = (
				FEB5FCD81C1D1E57006011AC /* User.m in Sources */,
				FE9637AA1C1D103400A98564 /* NoteService.m in Sources */,
				FE9637971C1D102400A98564 /* EditViewController.m in Sources */,
				FE9637961C1D102400A98564 /* NSUserDefaultsHelper.m in Sources */,
				FE96376F1C1D0F8100A98564 /* AppDelegate.m in Sources */,
				FE9637A81C1D103400A98564 /* Note.xcdatamodeld in Sources */,
				FE9637A61C1D103400A98564 /* MainViewController.m in Sources */,
				FEB5FD0B1C2005F1006011AC /* LoginPasswordTableViewController.m in Sources */,
				FEB5FD0E1C202EC5006011AC /* ReadingPasswordViewController.m in Sources */,
				FE9637A91C1D103400A98564 /* NoteDao.m in Sources */,
				FEB5FCDE1C1DAB63006011AC /* LoginViewController.m in Sources */,
				FEB5FCE11C1E65B6006011AC /* RegisterViewController.m in Sources */,
				FEB5FCF11C1EDF55006011AC /* FaceView.m in Sources */,
				FEB5FCEA1C1E7005006011AC /* RegisterInfo.m in Sources */,
				FEB5FD081C1FFFE6006011AC /* TextFieldTableViewCell.m in Sources */,
				FE96376C1C1D0F8100A98564 /* main.m in Sources */,
				FEB5FCFC1C1FA249006011AC /* NoteUtil.m in Sources */,
				FE9637AB1C1D103400A98564 /* SettingViewController.m in Sources */,
				FEB5FCDB1C1D1E57006011AC /* Note.m in Sources */,
				FEB5FCE71C1E6A21006011AC /* UserService.m in Sources */,
				FEB5FCE41C1E699B006011AC /* UserDao.m in Sources */,
			);
			runOnlyForDeploymentPostprocessing = 0;
		};
		FE96377E1C1D0F8200A98564 /* Sources */ = {
			isa = PBXSourcesBuildPhase;
			buildActionMask = 2147483647;
			files = (
				FE9637891C1D0F8200A98564 /* NoteTests.m in Sources */,
			);
			runOnlyForDeploymentPostprocessing = 0;
		};
/* End PBXSourcesBuildPhase section */

/* Begin PBXTargetDependency section */
		FE9637841C1D0F8200A98564 /* PBXTargetDependency */ = {
			isa = PBXTargetDependency;
			target = FE9637651C1D0F8100A98564 /* Note */;
			targetProxy = FE9637831C1D0F8200A98564 /* PBXContainerItemProxy */;
		};
/* End PBXTargetDependency section */

/* Begin PBXVariantGroup section */
		FE9637761C1D0F8100A98564 /* Main.storyboard */ = {
			isa = PBXVariantGroup;
			children = (
				FE9637771C1D0F8100A98564 /* Base */,
			);
			name = Main.storyboard;
			sourceTree = "<group>";
		};
		FE96377B1C1D0F8100A98564 /* LaunchScreen.xib */ = {
			isa = PBXVariantGroup;
			children = (
				FE96377C1C1D0F8100A98564 /* Base */,
			);
			name = LaunchScreen.xib;
			sourceTree = "<group>";
		};
/* End PBXVariantGroup section */

/* Begin XCBuildConfiguration section */
		FE96378A1C1D0F8200A98564 /* Debug */ = {
			isa = XCBuildConfiguration;
			buildSettings = {
				ALWAYS_SEARCH_USER_PATHS = NO;
				CLANG_CXX_LANGUAGE_STANDARD = "gnu++0x";
				CLANG_CXX_LIBRARY = "libc++";
				CLANG_ENABLE_MODULES = YES;
				CLANG_ENABLE_OBJC_ARC = YES;
				CLANG_WARN_BOOL_CONVERSION = YES;
				CLANG_WARN_CONSTANT_CONVERSION = YES;
				CLANG_WARN_DIRECT_OBJC_ISA_USAGE = YES_ERROR;
				CLANG_WARN_EMPTY_BODY = YES;
				CLANG_WARN_ENUM_CONVERSION = YES;
				CLANG_WARN_INT_CONVERSION = YES;
				CLANG_WARN_OBJC_ROOT_CLASS = YES_ERROR;
				CLANG_WARN_UNREACHABLE_CODE = YES;
				CLANG_WARN__DUPLICATE_METHOD_MATCH = YES;
				"CODE_SIGN_IDENTITY[sdk=iphoneos*]" = "iPhone Developer";
				COPY_PHASE_STRIP = NO;
				DEBUG_INFORMATION_FORMAT = "dwarf-with-dsym";
				ENABLE_STRICT_OBJC_MSGSEND = YES;
				GCC_C_LANGUAGE_STANDARD = gnu99;
				GCC_DYNAMIC_NO_PIC = NO;
				GCC_NO_COMMON_BLOCKS = YES;
				GCC_OPTIMIZATION_LEVEL = 0;
				GCC_PREPROCESSOR_DEFINITIONS = (
					"DEBUG=1",
					"$(inherited)",
				);
				GCC_SYMBOLS_PRIVATE_EXTERN = NO;
				GCC_WARN_64_TO_32_BIT_CONVERSION = YES;
				GCC_WARN_ABOUT_RETURN_TYPE = YES_ERROR;
				GCC_WARN_UNDECLARED_SELECTOR = YES;
				GCC_WARN_UNINITIALIZED_AUTOS = YES_AGGRESSIVE;
				GCC_WARN_UNUSED_FUNCTION = YES;
				GCC_WARN_UNUSED_VARIABLE = YES;
				IPHONEOS_DEPLOYMENT_TARGET = 8.4;
				MTL_ENABLE_DEBUG_INFO = YES;
				ONLY_ACTIVE_ARCH = YES;
				SDKROOT = iphoneos;
			};
			name = Debug;
		};
		FE96378B1C1D0F8200A98564 /* Release */ = {
			isa = XCBuildConfiguration;
			buildSettings = {
				ALWAYS_SEARCH_USER_PATHS = NO;
				CLANG_CXX_LANGUAGE_STANDARD = "gnu++0x";
				CLANG_CXX_LIBRARY = "libc++";
				CLANG_ENABLE_MODULES = YES;
				CLANG_ENABLE_OBJC_ARC = YES;
				CLANG_WARN_BOOL_CONVERSION = YES;
				CLANG_WARN_CONSTANT_CONVERSION = YES;
				CLANG_WARN_DIRECT_OBJC_ISA_USAGE = YES_ERROR;
				CLANG_WARN_EMPTY_BODY = YES;
				CLANG_WARN_ENUM_CONVERSION = YES;
				CLANG_WARN_INT_CONVERSION = YES;
				CLANG_WARN_OBJC_ROOT_CLASS = YES_ERROR;
				CLANG_WARN_UNREACHABLE_CODE = YES;
				CLANG_WARN__DUPLICATE_METHOD_MATCH = YES;
				"CODE_SIGN_IDENTITY[sdk=iphoneos*]" = "iPhone Developer";
				COPY_PHASE_STRIP = NO;
				DEBUG_INFORMATION_FORMAT = "dwarf-with-dsym";
				ENABLE_NS_ASSERTIONS = NO;
				ENABLE_STRICT_OBJC_MSGSEND = YES;
				GCC_C_LANGUAGE_STANDARD = gnu99;
				GCC_NO_COMMON_BLOCKS = YES;
				GCC_WARN_64_TO_32_BIT_CONVERSION = YES;
				GCC_WARN_ABOUT_RETURN_TYPE = YES_ERROR;
				GCC_WARN_UNDECLARED_SELECTOR = YES;
				GCC_WARN_UNINITIALIZED_AUTOS = YES_AGGRESSIVE;
				GCC_WARN_UNUSED_FUNCTION = YES;
				GCC_WARN_UNUSED_VARIABLE = YES;
				IPHONEOS_DEPLOYMENT_TARGET = 8.4;
				MTL_ENABLE_DEBUG_INFO = NO;
				SDKROOT = iphoneos;
				VALIDATE_PRODUCT = YES;
			};
			name = Release;
		};
		FE96378D1C1D0F8200A98564 /* Debug */ = {
			isa = XCBuildConfiguration;
			buildSettings = {
				ASSETCATALOG_COMPILER_APPICON_NAME = AppIcon;
				INFOPLIST_FILE = Note/Info.plist;
				LD_RUNPATH_SEARCH_PATHS = "$(inherited) @executable_path/Frameworks";
				PRODUCT_NAME = "$(TARGET_NAME)";
			};
			name = Debug;
		};
		FE96378E1C1D0F8200A98564 /* Release */ = {
			isa = XCBuildConfiguration;
			buildSettings = {
				ASSETCATALOG_COMPILER_APPICON_NAME = AppIcon;
				INFOPLIST_FILE = Note/Info.plist;
				LD_RUNPATH_SEARCH_PATHS = "$(inherited) @executable_path/Frameworks";
				PRODUCT_NAME = "$(TARGET_NAME)";
			};
			name = Release;
		};
		FE9637901C1D0F8200A98564 /* Debug */ = {
			isa = XCBuildConfiguration;
			buildSettings = {
				BUNDLE_LOADER = "$(TEST_HOST)";
				FRAMEWORK_SEARCH_PATHS = (
					"$(SDKROOT)/Developer/Library/Frameworks",
					"$(inherited)",
				);
				GCC_PREPROCESSOR_DEFINITIONS = (
					"DEBUG=1",
					"$(inherited)",
				);
				INFOPLIST_FILE = NoteTests/Info.plist;
				LD_RUNPATH_SEARCH_PATHS = "$(inherited) @executable_path/Frameworks @loader_path/Frameworks";
				PRODUCT_NAME = "$(TARGET_NAME)";
				TEST_HOST = "$(BUILT_PRODUCTS_DIR)/Note.app/Note";
			};
			name = Debug;
		};
		FE9637911C1D0F8200A98564 /* Release */ = {
			isa = XCBuildConfiguration;
			buildSettings = {
				BUNDLE_LOADER = "$(TEST_HOST)";
				FRAMEWORK_SEARCH_PATHS = (
					"$(SDKROOT)/Developer/Library/Frameworks",
					"$(inherited)",
				);
				INFOPLIST_FILE = NoteTests/Info.plist;
				LD_RUNPATH_SEARCH_PATHS = "$(inherited) @executable_path/Frameworks @loader_path/Frameworks";
				PRODUCT_NAME = "$(TARGET_NAME)";
				TEST_HOST = "$(BUILT_PRODUCTS_DIR)/Note.app/Note";
			};
			name = Release;
		};
/* End XCBuildConfiguration section */

/* Begin XCConfigurationList section */
		FE9637611C1D0F8100A98564 /* Build configuration list for PBXProject "Note" */ = {
			isa = XCConfigurationList;
			buildConfigurations = (
				FE96378A1C1D0F8200A98564 /* Debug */,
				FE96378B1C1D0F8200A98564 /* Release */,
			);
			defaultConfigurationIsVisible = 0;
			defaultConfigurationName = Release;
		};
		FE96378C1C1D0F8200A98564 /* Build configuration list for PBXNativeTarget "Note" */ = {
			isa = XCConfigurationList;
			buildConfigurations = (
				FE96378D1C1D0F8200A98564 /* Debug */,
				FE96378E1C1D0F8200A98564 /* Release */,
			);
			defaultConfigurationIsVisible = 0;
			defaultConfigurationName = Release;
		};
		FE96378F1C1D0F8200A98564 /* Build configuration list for PBXNativeTarget "NoteTests" */ = {
			isa = XCConfigurationList;
			buildConfigurations = (
				FE9637901C1D0F8200A98564 /* Debug */,
				FE9637911C1D0F8200A98564 /* Release */,
			);
			defaultConfigurationIsVisible = 0;
			defaultConfigurationName = Release;
		};
/* End XCConfigurationList section */

/* Begin XCVersionGroup section */
		FE96379C1C1D103400A98564 /* Note.xcdatamodeld */ = {
			isa = XCVersionGroup;
			children = (
				FE96379D1C1D103400A98564 /* Note.xcdatamodel */,
			);
			currentVersion = FE96379D1C1D103400A98564 /* Note.xcdatamodel */;
			path = Note.xcdatamodeld;
			sourceTree = "<group>";
			versionGroupType = wrapper.xcdatamodel;
		};
/* End XCVersionGroup section */
	};
	rootObject = FE96375E1C1D0F8100A98564 /* Project object */;
}
